
Microsoft Visual Studio Solution File, Format Version 12.00
# Visual Studio Version 16
VisualStudioVersion = 16.0.31005.135
MinimumVisualStudioVersion = 10.0.40219.1
Project("{FAE04EC0-301F-11D3-BF4B-00C04F79EFBC}") = "Asp.net_1_temperature", "Asp.net_1_temperature\Asp.net_1_temperature.csproj", "{2E91180E-A470-46D3-A7AA-37609C27D21F}"
EndProject
Global
	GlobalSection(SolutionConfigurationPlatforms) = preSolution
		Debug|Any CPU = Debug|Any CPU
		Release|Any CPU = Release|Any CPU
	EndGlobalSection
	GlobalSection(ProjectConfigurationPlatforms) = postSolution
		{2E91180E-A470-46D3-A7AA-37609C27D21F}.Debug|Any CPU.ActiveCfg = Debug|Any CPU
		{2E91180E-A470-46D3-A7AA-37609C27D21F}.Debug|Any CPU.Build.0 = Debug|Any CPU
		{2E91180E-A470-46D3-A7AA-37609C27D21F}.Release|Any CPU.ActiveCfg = Release|Any CPU
		{2E91180E-A470-46D3-A7AA-37609C27D21F}.Release|Any CPU.Build.0 = Release|Any CPU
	EndGlobalSection
	GlobalSection(SolutionProperties) = preSolution
		HideSolutionNode = FALSE
	EndGlobalSection
	GlobalSection(ExtensibilityGlobals) = postSolution
		SolutionGuid = {496299C6-BB01-4831-AB25-F95FE0A8578F}
	EndGlobalSection
EndGlobal
